// !$*UTF8*$!
{
	archiveVersion = 1;
	classes = {
	};
	objectVersion = 51;
	objects = {

/* Begin PBXBuildFile section */
		976B9D36EEFE37F4545F456A /* Pods_WeatherMap.framework in Frameworks */ = {isa = PBXBuildFile; fileRef = 18791A04E2AB85351CB05BBF /* Pods_WeatherMap.framework */; };
		CF03802627C2A6B500E3A82C /* AppDelegate.swift in Sources */ = {isa = PBXBuildFile; fileRef = CF03802527C2A6B500E3A82C /* AppDelegate.swift */; };
		CF03802827C2A6B500E3A82C /* SceneDelegate.swift in Sources */ = {isa = PBXBuildFile; fileRef = CF03802727C2A6B500E3A82C /* SceneDelegate.swift */; };
		CF03802A27C2A6B500E3A82C /* ViewController.swift in Sources */ = {isa = PBXBuildFile; fileRef = CF03802927C2A6B500E3A82C /* ViewController.swift */; };
		CF03802D27C2A6B500E3A82C /* Main.storyboard in Resources */ = {isa = PBXBuildFile; fileRef = CF03802B27C2A6B500E3A82C /* Main.storyboard */; };
		CF03802F27C2A6B700E3A82C /* Assets.xcassets in Resources */ = {isa = PBXBuildFile; fileRef = CF03802E27C2A6B700E3A82C /* Assets.xcassets */; };
		CF03803227C2A6B700E3A82C /* LaunchScreen.storyboard in Resources */ = {isa = PBXBuildFile; fileRef = CF03803027C2A6B700E3A82C /* LaunchScreen.storyboard */; };
		CF03803E27C2AACC00E3A82C /* NetworkManager.swift in Sources */ = {isa = PBXBuildFile; fileRef = CF03803D27C2AACC00E3A82C /* NetworkManager.swift */; };
/* End PBXBuildFile section */

/* Begin PBXFileReference section */
		059DE8ABD08ADC39675303C8 /* Pods-WeatherMap.release.xcconfig */ = {isa = PBXFileReference; includeInIndex = 1; lastKnownFileType = text.xcconfig; name = "Pods-WeatherMap.release.xcconfig"; path = "Target Support Files/Pods-WeatherMap/Pods-WeatherMap.release.xcconfig"; sourceTree = "<group>"; };
		18791A04E2AB85351CB05BBF /* Pods_WeatherMap.framework */ = {isa = PBXFileReference; explicitFileType = wrapper.framework; includeInIndex = 0; path = Pods_WeatherMap.framework; sourceTree = BUILT_PRODUCTS_DIR; };
		562821F9FB443DC22C3FC420 /* Pods-WeatherMap.debug.xcconfig */ = {isa = PBXFileReference; includeInIndex = 1; lastKnownFileType = text.xcconfig; name = "Pods-WeatherMap.debug.xcconfig"; path = "Target Support Files/Pods-WeatherMap/Pods-WeatherMap.debug.xcconfig"; sourceTree = "<group>"; };
		CF03802227C2A6B500E3A82C /* WeatherMap.app */ = {isa = PBXFileReference; explicitFileType = wrapper.application; includeInIndex = 0; path = WeatherMap.app; sourceTree = BUILT_PRODUCTS_DIR; };
		CF03802527C2A6B500E3A82C /* AppDelegate.swift */ = {isa = PBXFileReference; lastKnownFileType = sourcecode.swift; path = AppDelegate.swift; sourceTree = "<group>"; };
		CF03802727C2A6B500E3A82C /* SceneDelegate.swift */ = {isa = PBXFileReference; lastKnownFileType = sourcecode.swift; path = SceneDelegate.swift; sourceTree = "<group>"; };
		CF03802927C2A6B500E3A82C /* ViewController.swift */ = {isa = PBXFileReference; lastKnownFileType = sourcecode.swift; path = ViewController.swift; sourceTree = "<group>"; };
		CF03802C27C2A6B500E3A82C /* Base */ = {isa = PBXFileReference; lastKnownFileType = file.storyboard; name = Base; path = Base.lproj/Main.storyboard; sourceTree = "<group>"; };
		CF03802E27C2A6B700E3A82C /* Assets.xcassets */ = {isa = PBXFileReference; lastKnownFileType = folder.assetcatalog; path = Assets.xcassets; sourceTree = "<group>"; };
		CF03803127C2A6B700E3A82C /* Base */ = {isa = PBXFileReference; lastKnownFileType = file.storyboard; name = Base; path = Base.lproj/LaunchScreen.storyboard; sourceTree = "<group>"; };
		CF03803327C2A6B700E3A82C /* Info.plist */ = {isa = PBXFileReference; lastKnownFileType = text.plist.xml; path = Info.plist; sourceTree = "<group>"; };
		CF03803D27C2AACC00E3A82C /* NetworkManager.swift */ = {isa = PBXFileReference; lastKnownFileType = sourcecode.swift; path = NetworkManager.swift; sourceTree = SOURCE_ROOT; };
/* End PBXFileReference section */

/* Begin PBXFrameworksBuildPhase section */
		CF03801F27C2A6B500E3A82C /* Frameworks */ = {
			isa = PBXFrameworksBuildPhase;
			buildActionMask = 2147483647;
			files = (
				976B9D36EEFE37F4545F456A /* Pods_WeatherMap.framework in Frameworks */,
			);
			runOnlyForDeploymentPostprocessing = 0;
		};
/* End PBXFrameworksBuildPhase section */

/* Begin PBXGroup section */
		19682BB860D11FBE88FC11C3 /* Pods */ = {
			isa = PBXGroup;
			children = (
				562821F9FB443DC22C3FC420 /* Pods-WeatherMap.debug.xcconfig */,
				059DE8ABD08ADC39675303C8 /* Pods-WeatherMap.release.xcconfig */,
			);
			path = Pods;
			sourceTree = "<group>";
		};
		CF03801927C2A6B500E3A82C = {
			isa = PBXGroup;
			children = (
				CF03802427C2A6B500E3A82C /* WeatherMap */,
				CF03802327C2A6B500E3A82C /* Products */,
				19682BB860D11FBE88FC11C3 /* Pods */,
				DE793995D4E7C7244D71F83F /* Frameworks */,
			);
			sourceTree = "<group>";
		};
		CF03802327C2A6B500E3A82C /* Products */ = {
			isa = PBXGroup;
			children = (
				CF03802227C2A6B500E3A82C /* WeatherMap.app */,
			);
			name = Products;
			sourceTree = "<group>";
		};
		CF03802427C2A6B500E3A82C /* WeatherMap */ = {
			isa = PBXGroup;
			children = (
				CF03803C27C2AAB300E3A82C /* Networking */,
				CF03803B27C2A9C200E3A82C /* Controller */,
				CF03803A27C2A9BD00E3A82C /* View */,
				CF03803927C2A9B500E3A82C /* Model */,
				CF03802527C2A6B500E3A82C /* AppDelegate.swift */,
				CF03802727C2A6B500E3A82C /* SceneDelegate.swift */,
				CF03802E27C2A6B700E3A82C /* Assets.xcassets */,
				CF03803327C2A6B700E3A82C /* Info.plist */,
			);
			path = WeatherMap;
			sourceTree = "<group>";
		};
		CF03803927C2A9B500E3A82C /* Model */ = {
			isa = PBXGroup;
			children = (
			);
			path = Model;
			sourceTree = "<group>";
		};
		CF03803A27C2A9BD00E3A82C /* View */ = {
			isa = PBXGroup;
			children = (
				CF03802B27C2A6B500E3A82C /* Main.storyboard */,
				CF03803027C2A6B700E3A82C /* LaunchScreen.storyboard */,
			);
			path = View;
			sourceTree = "<group>";
		};
		CF03803B27C2A9C200E3A82C /* Controller */ = {
			isa = PBXGroup;
			children = (
				CF03802927C2A6B500E3A82C /* ViewController.swift */,
			);
			path = Controller;
			sourceTree = "<group>";
		};
		CF03803C27C2AAB300E3A82C /* Networking */ = {
			isa = PBXGroup;
			children = (
				CF03803D27C2AACC00E3A82C /* NetworkManager.swift */,
			);
			path = Networking;
			sourceTree = "<group>";
		};
		DE793995D4E7C7244D71F83F /* Frameworks */ = {
			isa = PBXGroup;
			children = (
				18791A04E2AB85351CB05BBF /* Pods_WeatherMap.framework */,
			);
			name = Frameworks;
			sourceTree = "<group>";
		};
/* End PBXGroup section */

/* Begin PBXNativeTarget section */
		CF03802127C2A6B500E3A82C /* WeatherMap */ = {
			isa = PBXNativeTarget;
			buildConfigurationList = CF03803627C2A6B700E3A82C /* Build configuration list for PBXNativeTarget "WeatherMap" */;
			buildPhases = (
				86DF1DEE23214113DADF032A /* [CP] Check Pods Manifest.lock */,
				CF03801E27C2A6B500E3A82C /* Sources */,
				CF03801F27C2A6B500E3A82C /* Frameworks */,
				CF03802027C2A6B500E3A82C /* Resources */,
				6E00ADC163C32B7B8173FD59 /* [CP] Embed Pods Frameworks */,
			);
			buildRules = (
			);
			dependencies = (
			);
			name = WeatherMap;
			productName = WeatherMap;
			productReference = CF03802227C2A6B500E3A82C /* WeatherMap.app */;
			productType = "com.apple.product-type.application";
		};
/* End PBXNativeTarget section */

/* Begin PBXProject section */
		CF03801A27C2A6B500E3A82C /* Project object */ = {
			isa = PBXProject;
			attributes = {
				LastSwiftUpdateCheck = 1250;
				LastUpgradeCheck = 1250;
				TargetAttributes = {
					CF03802127C2A6B500E3A82C = {
						CreatedOnToolsVersion = 12.5.1;
					};
				};
			};
			buildConfigurationList = CF03801D27C2A6B500E3A82C /* Build configuration list for PBXProject "WeatherMap" */;
			compatibilityVersion = "Xcode 9.3";
			developmentRegion = en;
			hasScannedForEncodings = 0;
			knownRegions = (
				en,
				Base,
			);
			mainGroup = CF03801927C2A6B500E3A82C;
			productRefGroup = CF03802327C2A6B500E3A82C /* Products */;
			projectDirPath = "";
			projectRoot = "";
			targets = (
				CF03802127C2A6B500E3A82C /* WeatherMap */,
			);
		};
/* End PBXProject section */

/* Begin PBXResourcesBuildPhase section */
		CF03802027C2A6B500E3A82C /* Resources */ = {
			isa = PBXResourcesBuildPhase;
			buildActionMask = 2147483647;
			files = (
				CF03803227C2A6B700E3A82C /* LaunchScreen.storyboard in Resources */,
				CF03802F27C2A6B700E3A82C /* Assets.xcassets in Resources */,
				CF03802D27C2A6B500E3A82C /* Main.storyboard in Resources */,
			);
			runOnlyForDeploymentPostprocessing = 0;
		};
/* End PBXResourcesBuildPhase section */

/* Begin PBXShellScriptBuildPhase section */
		6E00ADC163C32B7B8173FD59 /* [CP] Embed Pods Frameworks */ = {
			isa = PBXShellScriptBuildPhase;
			buildActionMask = 2147483647;
			files = (
			);
			inputFileListPaths = (
				"${PODS_ROOT}/Target Support Files/Pods-WeatherMap/Pods-WeatherMap-frameworks-${CONFIGURATION}-input-files.xcfilelist",
			);
			name = "[CP] Embed Pods Frameworks";
			outputFileListPaths = (
				"${PODS_ROOT}/Target Support Files/Pods-WeatherMap/Pods-WeatherMap-frameworks-${CONFIGURATION}-output-files.xcfilelist",
			);
			runOnlyForDeploymentPostprocessing = 0;
			shellPath = /bin/sh;
			shellScript = "\"${PODS_ROOT}/Target Support Files/Pods-WeatherMap/Pods-WeatherMap-frameworks.sh\"\n";
			showEnvVarsInLog = 0;
		};
		86DF1DEE23214113DADF032A /* [CP] Check Pods Manifest.lock */ = {
			isa = PBXShellScriptBuildPhase;
			buildActionMask = 2147483647;
			files = (
			);
			inputFileListPaths = (
			);
			inputPaths = (
				"${PODS_PODFILE_DIR_PATH}/Podfile.lock",
				"${PODS_ROOT}/Manifest.lock",
			);
			name = "[CP] Check Pods Manifest.lock";
			outputFileListPaths = (
			);
			outputPaths = (
				"$(DERIVED_FILE_DIR)/Pods-WeatherMap-checkManifestLockResult.txt",
			);
			runOnlyForDeploymentPostprocessing = 0;
			shellPath = /bin/sh;
			shellScript = "diff \"${PODS_PODFILE_DIR_PATH}/Podfile.lock\" \"${PODS_ROOT}/Manifest.lock\" > /dev/null\nif [ $? != 0 ] ; then\n    # print error to STDERR\n    echo \"error: The sandbox is not in sync with the Podfile.lock. Run 'pod install' or update your CocoaPods installation.\" >&2\n    exit 1\nfi\n# This output is used by Xcode 'outputs' to avoid re-running this script phase.\necho \"SUCCESS\" > \"${SCRIPT_OUTPUT_FILE_0}\"\n";
			showEnvVarsInLog = 0;
		};
/* End PBXShellScriptBuildPhase section */

/* Begin PBXSourcesBuildPhase section */
		CF03801E27C2A6B500E3A82C /* Sources */ = {
			isa = PBXSourcesBuildPhase;
			buildActionMask = 2147483647;
			files = (
				CF03803E27C2AACC00E3A82C /* NetworkManager.swift in Sources */,
				CF03802A27C2A6B500E3A82C /* ViewController.swift in Sources */,
				CF03802627C2A6B500E3A82C /* AppDelegate.swift in Sources */,
				CF03802827C2A6B500E3A82C /* SceneDelegate.swift in Sources */,
			);
			runOnlyForDeploymentPostprocessing = 0;
		};
/* End PBXSourcesBuildPhase section */

/* Begin PBXVariantGroup section */
		CF03802B27C2A6B500E3A82C /* Main.storyboard */ = {
			isa = PBXVariantGroup;
			children = (
				CF03802C27C2A6B500E3A82C /* Base */,
			);
			name = Main.storyboard;
			sourceTree = "<group>";
		};
		CF03803027C2A6B700E3A82C /* LaunchScreen.storyboard */ = {
			isa = PBXVariantGroup;
			children = (
				CF03803127C2A6B700E3A82C /* Base */,
			);
			name = LaunchScreen.storyboard;
			sourceTree = "<group>";
		};
/* End PBXVariantGroup section */

/* Begin XCBuildConfiguration section */
		CF03803427C2A6B700E3A82C /* Debug */ = {
			isa = XCBuildConfiguration;
			buildSettings = {
				ALWAYS_SEARCH_USER_PATHS = NO;
				CLANG_ANALYZER_NONNULL = YES;
				CLANG_ANALYZER_NUMBER_OBJECT_CONVERSION = YES_AGGRESSIVE;
				CLANG_CXX_LANGUAGE_STANDARD = "gnu++14";
				CLANG_CXX_LIBRARY = "libc++";
				CLANG_ENABLE_MODULES = YES;
				CLANG_ENABLE_OBJC_ARC = YES;
				CLANG_ENABLE_OBJC_WEAK = YES;
				CLANG_WARN_BLOCK_CAPTURE_AUTORELEASING = YES;
				CLANG_WARN_BOOL_CONVERSION = YES;
				CLANG_WARN_COMMA = YES;
				CLANG_WARN_CONSTANT_CONVERSION = YES;
				CLANG_WARN_DEPRECATED_OBJC_IMPLEMENTATIONS = YES;
				CLANG_WARN_DIRECT_OBJC_ISA_USAGE = YES_ERROR;
				CLANG_WARN_DOCUMENTATION_COMMENTS = YES;
				CLANG_WARN_EMPTY_BODY = YES;
				CLANG_WARN_ENUM_CONVERSION = YES;
				CLANG_WARN_INFINITE_RECURSION = YES;
				CLANG_WARN_INT_CONVERSION = YES;
				CLANG_WARN_NON_LITERAL_NULL_CONVERSION = YES;
				CLANG_WARN_OBJC_IMPLICIT_RETAIN_SELF = YES;
				CLANG_WARN_OBJC_LITERAL_CONVERSION = YES;
				CLANG_WARN_OBJC_ROOT_CLASS = YES_ERROR;
				CLANG_WARN_QUOTED_INCLUDE_IN_FRAMEWORK_HEADER = YES;
				CLANG_WARN_RANGE_LOOP_ANALYSIS = YES;
				CLANG_WARN_STRICT_PROTOTYPES = YES;
				CLANG_WARN_SUSPICIOUS_MOVE = YES;
				CLANG_WARN_UNGUARDED_AVAILABILITY = YES_AGGRESSIVE;
				CLANG_WARN_UNREACHABLE_CODE = YES;
				CLANG_WARN__DUPLICATE_METHOD_MATCH = YES;
				COPY_PHASE_STRIP = NO;
				DEBUG_INFORMATION_FORMAT = dwarf;
				ENABLE_STRICT_OBJC_MSGSEND = YES;
				ENABLE_TESTABILITY = YES;
				GCC_C_LANGUAGE_STANDARD = gnu11;
				GCC_DYNAMIC_NO_PIC = NO;
				GCC_NO_COMMON_BLOCKS = YES;
				GCC_OPTIMIZATION_LEVEL = 0;
				GCC_PREPROCESSOR_DEFINITIONS = (
					"DEBUG=1",
					"$(inherited)",
				);
				GCC_WARN_64_TO_32_BIT_CONVERSION = YES;
				GCC_WARN_ABOUT_RETURN_TYPE = YES_ERROR;
				GCC_WARN_UNDECLARED_SELECTOR = YES;
				GCC_WARN_UNINITIALIZED_AUTOS = YES_AGGRESSIVE;
				GCC_WARN_UNUSED_FUNCTION = YES;
				GCC_WARN_UNUSED_VARIABLE = YES;
				IPHONEOS_DEPLOYMENT_TARGET = 14.5;
				MTL_ENABLE_DEBUG_INFO = INCLUDE_SOURCE;
				MTL_FAST_MATH = YES;
				ONLY_ACTIVE_ARCH = YES;
				SDKROOT = iphoneos;
				SWIFT_ACTIVE_COMPILATION_CONDITIONS = DEBUG;
				SWIFT_OPTIMIZATION_LEVEL = "-Onone";
			};
			name = Debug;
		};
		CF03803527C2A6B700E3A82C /* Release */ = {
			isa = XCBuildConfiguration;
			buildSettings = {
				ALWAYS_SEARCH_USER_PATHS = NO;
				CLANG_ANALYZER_NONNULL = YES;
				CLANG_ANALYZER_NUMBER_OBJECT_CONVERSION = YES_AGGRESSIVE;
				CLANG_CXX_LANGUAGE_STANDARD = "gnu++14";
				CLANG_CXX_LIBRARY = "libc++";
				CLANG_ENABLE_MODULES = YES;
				CLANG_ENABLE_OBJC_ARC = YES;
				CLANG_ENABLE_OBJC_WEAK = YES;
				CLANG_WARN_BLOCK_CAPTURE_AUTORELEASING = YES;
				CLANG_WARN_BOOL_CONVERSION = YES;
				CLANG_WARN_COMMA = YES;
				CLANG_WARN_CONSTANT_CONVERSION = YES;
				CLANG_WARN_DEPRECATED_OBJC_IMPLEMENTATIONS = YES;
				CLANG_WARN_DIRECT_OBJC_ISA_USAGE = YES_ERROR;
				CLANG_WARN_DOCUMENTATION_COMMENTS = YES;
				CLANG_WARN_EMPTY_BODY = YES;
				CLANG_WARN_ENUM_CONVERSION = YES;
				CLANG_WARN_INFINITE_RECURSION = YES;
				CLANG_WARN_INT_CONVERSION = YES;
				CLANG_WARN_NON_LITERAL_NULL_CONVERSION = YES;
				CLANG_WARN_OBJC_IMPLICIT_RETAIN_SELF = YES;
				CLANG_WARN_OBJC_LITERAL_CONVERSION = YES;
				CLANG_WARN_OBJC_ROOT_CLASS = YES_ERROR;
				CLANG_WARN_QUOTED_INCLUDE_IN_FRAMEWORK_HEADER = YES;
				CLANG_WARN_RANGE_LOOP_ANALYSIS = YES;
				CLANG_WARN_STRICT_PROTOTYPES = YES;
				CLANG_WARN_SUSPICIOUS_MOVE = YES;
				CLANG_WARN_UNGUARDED_AVAILABILITY = YES_AGGRESSIVE;
				CLANG_WARN_UNREACHABLE_CODE = YES;
				CLANG_WARN__DUPLICATE_METHOD_MATCH = YES;
				COPY_PHASE_STRIP = NO;
				DEBUG_INFORMATION_FORMAT = "dwarf-with-dsym";
				ENABLE_NS_ASSERTIONS = NO;
				ENABLE_STRICT_OBJC_MSGSEND = YES;
				GCC_C_LANGUAGE_STANDARD = gnu11;
				GCC_NO_COMMON_BLOCKS = YES;
				GCC_WARN_64_TO_32_BIT_CONVERSION = YES;
				GCC_WARN_ABOUT_RETURN_TYPE = YES_ERROR;
				GCC_WARN_UNDECLARED_SELECTOR = YES;
				GCC_WARN_UNINITIALIZED_AUTOS = YES_AGGRESSIVE;
				GCC_WARN_UNUSED_FUNCTION = YES;
				GCC_WARN_UNUSED_VARIABLE = YES;
				IPHONEOS_DEPLOYMENT_TARGET = 14.5;
				MTL_ENABLE_DEBUG_INFO = NO;
				MTL_FAST_MATH = YES;
				SDKROOT = iphoneos;
				SWIFT_COMPILATION_MODE = wholemodule;
				SWIFT_OPTIMIZATION_LEVEL = "-O";
				VALIDATE_PRODUCT = YES;
			};
			name = Release;
		};
		CF03803727C2A6B700E3A82C /* Debug */ = {
			isa = XCBuildConfiguration;
			baseConfigurationReference = 562821F9FB443DC22C3FC420 /* Pods-WeatherMap.debug.xcconfig */;
			buildSettings = {
				ASSETCATALOG_COMPILER_APPICON_NAME = AppIcon;
				ASSETCATALOG_COMPILER_GLOBAL_ACCENT_COLOR_NAME = AccentColor;
				CODE_SIGN_STYLE = Automatic;
				DEVELOPMENT_TEAM = M46WL2C5J3;
				INFOPLIST_FILE = WeatherMap/Info.plist;
				LD_RUNPATH_SEARCH_PATHS = (
					"$(inherited)",
					"@executable_path/Frameworks",
				);
				PRODUCT_BUNDLE_IDENTIFIER = com.Elijah.WeatherMap;
				PRODUCT_NAME = "$(TARGET_NAME)";
				SWIFT_VERSION = 5.0;
				TARGETED_DEVICE_FAMILY = "1,2";
			};
			name = Debug;
		};
		CF03803827C2A6B700E3A82C /* Release */ = {
			isa = XCBuildConfiguration;
			baseConfigurationReference = 059DE8ABD08ADC39675303C8 /* Pods-WeatherMap.release.xcconfig */;
			buildSettings = {
				ASSETCATALOG_COMPILER_APPICON_NAME = AppIcon;
				ASSETCATALOG_COMPILER_GLOBAL_ACCENT_COLOR_NAME = AccentColor;
				CODE_SIGN_STYLE = Automatic;
				DEVELOPMENT_TEAM = M46WL2C5J3;
				INFOPLIST_FILE = WeatherMap/Info.plist;
				LD_RUNPATH_SEARCH_PATHS = (
					"$(inherited)",
					"@executable_path/Frameworks",
				);
				PRODUCT_BUNDLE_IDENTIFIER = com.Elijah.WeatherMap;
				PRODUCT_NAME = "$(TARGET_NAME)";
				SWIFT_VERSION = 5.0;
				TARGETED_DEVICE_FAMILY = "1,2";
			};
			name = Release;
		};
/* End XCBuildConfiguration section */

/* Begin XCConfigurationList section */
		CF03801D27C2A6B500E3A82C /* Build configuration list for PBXProject "WeatherMap" */ = {
			isa = XCConfigurationList;
			buildConfigurations = (
				CF03803427C2A6B700E3A82C /* Debug */,
				CF03803527C2A6B700E3A82C /* Release */,
			);
			defaultConfigurationIsVisible = 0;
			defaultConfigurationName = Release;
		};
		CF03803627C2A6B700E3A82C /* Build configuration list for PBXNativeTarget "WeatherMap" */ = {
			isa = XCConfigurationList;
			buildConfigurations = (
				CF03803727C2A6B700E3A82C /* Debug */,
				CF03803827C2A6B700E3A82C /* Release */,
			);
			defaultConfigurationIsVisible = 0;
			defaultConfigurationName = Release;
		};
/* End XCConfigurationList section */
	};
	rootObject = CF03801A27C2A6B500E3A82C /* Project object */;
}
